// !$*UTF8*$!
{
	archiveVersion = 1;
	classes = {
	};
	objectVersion = 56;
	objects = {

/* Begin PBXBuildFile section */
		5302F9EB2B4985F7001B3F47 /* SocialLoginButton.swift in Sources */ = {isa = PBXBuildFile; fileRef = 5302F9EA2B4985F7001B3F47 /* SocialLoginButton.swift */; };
		5302F9F62B4A9F45001B3F47 /* SLP.swift in Sources */ = {isa = PBXBuildFile; fileRef = 5302F9F52B4A9F45001B3F47 /* SLP.swift */; };
		5302F9F82B4AA439001B3F47 /* Router.swift in Sources */ = {isa = PBXBuildFile; fileRef = 5302F9F72B4AA439001B3F47 /* Router.swift */; };
		5302F9FB2B4AA464001B3F47 /* Alamofire in Frameworks */ = {isa = PBXBuildFile; productRef = 5302F9FA2B4AA464001B3F47 /* Alamofire */; };
		5302F9FD2B4AAF04001B3F47 /* HeaderType.swift in Sources */ = {isa = PBXBuildFile; fileRef = 5302F9FC2B4AAF04001B3F47 /* HeaderType.swift */; };
		5302FA042B4AD9F5001B3F47 /* AuthRouter.swift in Sources */ = {isa = PBXBuildFile; fileRef = 5302FA032B4AD9F5001B3F47 /* AuthRouter.swift */; };
		5302FA062B4AE4A5001B3F47 /* Service.swift in Sources */ = {isa = PBXBuildFile; fileRef = 5302FA052B4AE4A5001B3F47 /* Service.swift */; };
		5302FA0A2B4AED54001B3F47 /* NetworkConstants.swift in Sources */ = {isa = PBXBuildFile; fileRef = 5302FA092B4AED54001B3F47 /* NetworkConstants.swift */; };
		5302FA0C2B4B75FA001B3F47 /* AuthService.swift in Sources */ = {isa = PBXBuildFile; fileRef = 5302FA0B2B4B75FA001B3F47 /* AuthService.swift */; };
		5302FA122B4BCE07001B3F47 /* AuthModel.swift in Sources */ = {isa = PBXBuildFile; fileRef = 5302FA112B4BCE07001B3F47 /* AuthModel.swift */; };
		5302FA152B4BF32D001B3F47 /* ErrorResponse.swift in Sources */ = {isa = PBXBuildFile; fileRef = 5302FA142B4BF32D001B3F47 /* ErrorResponse.swift */; };
		5302FA1A2B4C260F001B3F47 /* UserDafaultsManager.swift in Sources */ = {isa = PBXBuildFile; fileRef = 5302FA192B4C260F001B3F47 /* UserDafaultsManager.swift */; };
		5302FA1C2B4C2985001B3F47 /* AppUserData.swift in Sources */ = {isa = PBXBuildFile; fileRef = 5302FA1B2B4C2985001B3F47 /* AppUserData.swift */; };
		53D7B1FD2B43F638003116D7 /* AppDelegate.swift in Sources */ = {isa = PBXBuildFile; fileRef = 53D7B1FC2B43F638003116D7 /* AppDelegate.swift */; };
		53D7B1FF2B43F638003116D7 /* SceneDelegate.swift in Sources */ = {isa = PBXBuildFile; fileRef = 53D7B1FE2B43F638003116D7 /* SceneDelegate.swift */; };
		53D7B2062B43F639003116D7 /* Assets.xcassets in Resources */ = {isa = PBXBuildFile; fileRef = 53D7B2052B43F639003116D7 /* Assets.xcassets */; };
		53D7B2092B43F639003116D7 /* LaunchScreen.storyboard in Resources */ = {isa = PBXBuildFile; fileRef = 53D7B2072B43F639003116D7 /* LaunchScreen.storyboard */; };
		53D7B2112B43F8BE003116D7 /* OnboardingViewController.swift in Sources */ = {isa = PBXBuildFile; fileRef = 53D7B2102B43F8BE003116D7 /* OnboardingViewController.swift */; };
		53D7B2152B43F9B7003116D7 /* SnapKit in Frameworks */ = {isa = PBXBuildFile; productRef = 53D7B2142B43F9B7003116D7 /* SnapKit */; };
		53D7B2182B43FC01003116D7 /* BaseViewController.swift in Sources */ = {isa = PBXBuildFile; fileRef = 53D7B2172B43FC01003116D7 /* BaseViewController.swift */; };
		53D7B21A2B44032B003116D7 /* Extension + UIFont.swift in Sources */ = {isa = PBXBuildFile; fileRef = 53D7B2192B44032B003116D7 /* Extension + UIFont.swift */; };
		53D7B21D2B44CF90003116D7 /* PrimaryButton.swift in Sources */ = {isa = PBXBuildFile; fileRef = 53D7B21C2B44CF90003116D7 /* PrimaryButton.swift */; };
		53D7B21F2B44D5E2003116D7 /* AuthSheetViewController.swift in Sources */ = {isa = PBXBuildFile; fileRef = 53D7B21E2B44D5E2003116D7 /* AuthSheetViewController.swift */; };
		53D7B2222B44D7DC003116D7 /* RxCocoa in Frameworks */ = {isa = PBXBuildFile; productRef = 53D7B2212B44D7DC003116D7 /* RxCocoa */; };
		53D7B2242B44D7DC003116D7 /* RxSwift in Frameworks */ = {isa = PBXBuildFile; productRef = 53D7B2232B44D7DC003116D7 /* RxSwift */; };
		53D7B2292B4518EB003116D7 /* SignUpViewController.swift in Sources */ = {isa = PBXBuildFile; fileRef = 53D7B2282B4518EB003116D7 /* SignUpViewController.swift */; };
		53D7B22B2B451C17003116D7 /* InputTextField.swift in Sources */ = {isa = PBXBuildFile; fileRef = 53D7B22A2B451C17003116D7 /* InputTextField.swift */; };
		53D7B22E2B457B20003116D7 /* Localizable.xcstrings in Resources */ = {isa = PBXBuildFile; fileRef = 53D7B22D2B457B20003116D7 /* Localizable.xcstrings */; };
		53D7B2302B466A41003116D7 /* SignUpViewModel.swift in Sources */ = {isa = PBXBuildFile; fileRef = 53D7B22F2B466A41003116D7 /* SignUpViewModel.swift */; };
		53D7B2322B466A6D003116D7 /* ViewModelType.swift in Sources */ = {isa = PBXBuildFile; fileRef = 53D7B2312B466A6D003116D7 /* ViewModelType.swift */; };
		53F5D8322B4F6BD200809760 /* WorkspaceInitialViewController.swift in Sources */ = {isa = PBXBuildFile; fileRef = 53F5D8312B4F6BD200809760 /* WorkspaceInitialViewController.swift */; };
		53F5D8342B4FB24D00809760 /* Extension + String.swift in Sources */ = {isa = PBXBuildFile; fileRef = 53F5D8332B4FB24D00809760 /* Extension + String.swift */; };
		53F5D84E2B50AF4400809760 /* LoginViewController.swift in Sources */ = {isa = PBXBuildFile; fileRef = 53F5D84D2B50AF4400809760 /* LoginViewController.swift */; };
/* End PBXBuildFile section */

/* Begin PBXFileReference section */
		5302F9EA2B4985F7001B3F47 /* SocialLoginButton.swift */ = {isa = PBXFileReference; lastKnownFileType = sourcecode.swift; path = SocialLoginButton.swift; sourceTree = "<group>"; };
		5302F9F52B4A9F45001B3F47 /* SLP.swift */ = {isa = PBXFileReference; lastKnownFileType = sourcecode.swift; path = SLP.swift; sourceTree = "<group>"; };
		5302F9F72B4AA439001B3F47 /* Router.swift */ = {isa = PBXFileReference; lastKnownFileType = sourcecode.swift; path = Router.swift; sourceTree = "<group>"; };
		5302F9FC2B4AAF04001B3F47 /* HeaderType.swift */ = {isa = PBXFileReference; lastKnownFileType = sourcecode.swift; path = HeaderType.swift; sourceTree = "<group>"; };
		5302FA032B4AD9F5001B3F47 /* AuthRouter.swift */ = {isa = PBXFileReference; lastKnownFileType = sourcecode.swift; path = AuthRouter.swift; sourceTree = "<group>"; };
		5302FA052B4AE4A5001B3F47 /* Service.swift */ = {isa = PBXFileReference; lastKnownFileType = sourcecode.swift; path = Service.swift; sourceTree = "<group>"; };
		5302FA092B4AED54001B3F47 /* NetworkConstants.swift */ = {isa = PBXFileReference; lastKnownFileType = sourcecode.swift; path = NetworkConstants.swift; sourceTree = "<group>"; };
		5302FA0B2B4B75FA001B3F47 /* AuthService.swift */ = {isa = PBXFileReference; lastKnownFileType = sourcecode.swift; path = AuthService.swift; sourceTree = "<group>"; };
		5302FA112B4BCE07001B3F47 /* AuthModel.swift */ = {isa = PBXFileReference; lastKnownFileType = sourcecode.swift; path = AuthModel.swift; sourceTree = "<group>"; };
		5302FA142B4BF32D001B3F47 /* ErrorResponse.swift */ = {isa = PBXFileReference; lastKnownFileType = sourcecode.swift; path = ErrorResponse.swift; sourceTree = "<group>"; };
		5302FA192B4C260F001B3F47 /* UserDafaultsManager.swift */ = {isa = PBXFileReference; lastKnownFileType = sourcecode.swift; path = UserDafaultsManager.swift; sourceTree = "<group>"; };
		5302FA1B2B4C2985001B3F47 /* AppUserData.swift */ = {isa = PBXFileReference; lastKnownFileType = sourcecode.swift; path = AppUserData.swift; sourceTree = "<group>"; };
		53D7B1F92B43F638003116D7 /* CollabOn.app */ = {isa = PBXFileReference; explicitFileType = wrapper.application; includeInIndex = 0; path = CollabOn.app; sourceTree = BUILT_PRODUCTS_DIR; };
		53D7B1FC2B43F638003116D7 /* AppDelegate.swift */ = {isa = PBXFileReference; lastKnownFileType = sourcecode.swift; path = AppDelegate.swift; sourceTree = "<group>"; };
		53D7B1FE2B43F638003116D7 /* SceneDelegate.swift */ = {isa = PBXFileReference; lastKnownFileType = sourcecode.swift; path = SceneDelegate.swift; sourceTree = "<group>"; };
		53D7B2052B43F639003116D7 /* Assets.xcassets */ = {isa = PBXFileReference; lastKnownFileType = folder.assetcatalog; path = Assets.xcassets; sourceTree = "<group>"; };
		53D7B2082B43F639003116D7 /* Base */ = {isa = PBXFileReference; lastKnownFileType = file.storyboard; name = Base; path = Base.lproj/LaunchScreen.storyboard; sourceTree = "<group>"; };
		53D7B20A2B43F639003116D7 /* Info.plist */ = {isa = PBXFileReference; lastKnownFileType = text.plist.xml; path = Info.plist; sourceTree = "<group>"; };
		53D7B2102B43F8BE003116D7 /* OnboardingViewController.swift */ = {isa = PBXFileReference; lastKnownFileType = sourcecode.swift; path = OnboardingViewController.swift; sourceTree = "<group>"; };
		53D7B2172B43FC01003116D7 /* BaseViewController.swift */ = {isa = PBXFileReference; lastKnownFileType = sourcecode.swift; path = BaseViewController.swift; sourceTree = "<group>"; };
		53D7B2192B44032B003116D7 /* Extension + UIFont.swift */ = {isa = PBXFileReference; lastKnownFileType = sourcecode.swift; path = "Extension + UIFont.swift"; sourceTree = "<group>"; };
		53D7B21C2B44CF90003116D7 /* PrimaryButton.swift */ = {isa = PBXFileReference; lastKnownFileType = sourcecode.swift; path = PrimaryButton.swift; sourceTree = "<group>"; };
		53D7B21E2B44D5E2003116D7 /* AuthSheetViewController.swift */ = {isa = PBXFileReference; lastKnownFileType = sourcecode.swift; path = AuthSheetViewController.swift; sourceTree = "<group>"; };
		53D7B2282B4518EB003116D7 /* SignUpViewController.swift */ = {isa = PBXFileReference; lastKnownFileType = sourcecode.swift; path = SignUpViewController.swift; sourceTree = "<group>"; };
		53D7B22A2B451C17003116D7 /* InputTextField.swift */ = {isa = PBXFileReference; lastKnownFileType = sourcecode.swift; path = InputTextField.swift; sourceTree = "<group>"; };
		53D7B22D2B457B20003116D7 /* Localizable.xcstrings */ = {isa = PBXFileReference; lastKnownFileType = text.json.xcstrings; path = Localizable.xcstrings; sourceTree = "<group>"; };
		53D7B22F2B466A41003116D7 /* SignUpViewModel.swift */ = {isa = PBXFileReference; lastKnownFileType = sourcecode.swift; path = SignUpViewModel.swift; sourceTree = "<group>"; };
		53D7B2312B466A6D003116D7 /* ViewModelType.swift */ = {isa = PBXFileReference; lastKnownFileType = sourcecode.swift; path = ViewModelType.swift; sourceTree = "<group>"; };
		53F5D82F2B4E6FA600809760 /* CollabOn.entitlements */ = {isa = PBXFileReference; lastKnownFileType = text.plist.entitlements; path = CollabOn.entitlements; sourceTree = "<group>"; };
		53F5D8312B4F6BD200809760 /* WorkspaceInitialViewController.swift */ = {isa = PBXFileReference; lastKnownFileType = sourcecode.swift; path = WorkspaceInitialViewController.swift; sourceTree = "<group>"; };
		53F5D8332B4FB24D00809760 /* Extension + String.swift */ = {isa = PBXFileReference; lastKnownFileType = sourcecode.swift; path = "Extension + String.swift"; sourceTree = "<group>"; };
		53F5D84D2B50AF4400809760 /* LoginViewController.swift */ = {isa = PBXFileReference; lastKnownFileType = sourcecode.swift; path = LoginViewController.swift; sourceTree = "<group>"; };
/* End PBXFileReference section */

/* Begin PBXFrameworksBuildPhase section */
		53D7B1F62B43F638003116D7 /* Frameworks */ = {
			isa = PBXFrameworksBuildPhase;
			buildActionMask = 2147483647;
			files = (
				53D7B2242B44D7DC003116D7 /* RxSwift in Frameworks */,
				5302F9FB2B4AA464001B3F47 /* Alamofire in Frameworks */,
				53D7B2222B44D7DC003116D7 /* RxCocoa in Frameworks */,
				53D7B2152B43F9B7003116D7 /* SnapKit in Frameworks */,
			);
			runOnlyForDeploymentPostprocessing = 0;
		};
/* End PBXFrameworksBuildPhase section */

/* Begin PBXGroup section */
		5302F9E92B4985BC001B3F47 /* CustomView */ = {
			isa = PBXGroup;
			children = (
				53D7B22A2B451C17003116D7 /* InputTextField.swift */,
				53D7B21C2B44CF90003116D7 /* PrimaryButton.swift */,
				5302F9EA2B4985F7001B3F47 /* SocialLoginButton.swift */,
			);
			path = CustomView;
			sourceTree = "<group>";
		};
		5302F9F42B4A9F34001B3F47 /* Network */ = {
			isa = PBXGroup;
			children = (
				5302FA092B4AED54001B3F47 /* NetworkConstants.swift */,
				5302FA0F2B4BCA9B001B3F47 /* Common */,
				5302FA0E2B4BCA0F001B3F47 /* Router */,
				5302FA0D2B4BC9FE001B3F47 /* Service */,
				5302FA102B4BCDA8001B3F47 /* Model */,
			);
			path = Network;
			sourceTree = "<group>";
		};
		5302FA0D2B4BC9FE001B3F47 /* Service */ = {
			isa = PBXGroup;
			children = (
				5302FA0B2B4B75FA001B3F47 /* AuthService.swift */,
			);
			path = Service;
			sourceTree = "<group>";
		};
		5302FA0E2B4BCA0F001B3F47 /* Router */ = {
			isa = PBXGroup;
			children = (
				5302FA032B4AD9F5001B3F47 /* AuthRouter.swift */,
			);
			path = Router;
			sourceTree = "<group>";
		};
		5302FA0F2B4BCA9B001B3F47 /* Common */ = {
			isa = PBXGroup;
			children = (
				5302F9F52B4A9F45001B3F47 /* SLP.swift */,
				5302F9FC2B4AAF04001B3F47 /* HeaderType.swift */,
				5302F9F72B4AA439001B3F47 /* Router.swift */,
				5302FA052B4AE4A5001B3F47 /* Service.swift */,
				5302FA142B4BF32D001B3F47 /* ErrorResponse.swift */,
			);
			path = Common;
			sourceTree = "<group>";
		};
		5302FA102B4BCDA8001B3F47 /* Model */ = {
			isa = PBXGroup;
			children = (
				5302FA112B4BCE07001B3F47 /* AuthModel.swift */,
			);
			path = Model;
			sourceTree = "<group>";
		};
		5302FA162B4C25E0001B3F47 /* Utility */ = {
			isa = PBXGroup;
			children = (
				5302FA1B2B4C2985001B3F47 /* AppUserData.swift */,
				5302FA192B4C260F001B3F47 /* UserDafaultsManager.swift */,
			);
			path = Utility;
			sourceTree = "<group>";
		};
		53D7B1F02B43F638003116D7 = {
			isa = PBXGroup;
			children = (
				53D7B1FB2B43F638003116D7 /* CollabOn */,
				53D7B1FA2B43F638003116D7 /* Products */,
			);
			sourceTree = "<group>";
		};
		53D7B1FA2B43F638003116D7 /* Products */ = {
			isa = PBXGroup;
			children = (
				53D7B1F92B43F638003116D7 /* CollabOn.app */,
			);
			name = Products;
			sourceTree = "<group>";
		};
		53D7B1FB2B43F638003116D7 /* CollabOn */ = {
			isa = PBXGroup;
			children = (
				53D7B1FC2B43F638003116D7 /* AppDelegate.swift */,
				53D7B1FE2B43F638003116D7 /* SceneDelegate.swift */,
				53F5D82F2B4E6FA600809760 /* CollabOn.entitlements */,
				5302F9F42B4A9F34001B3F47 /* Network */,
				53D7B2162B43FBF8003116D7 /* Base */,
				53D7B2122B43F8C7003116D7 /* Onboarding */,
				53F5D84C2B50AF3100809760 /* Login */,
				53D7B2272B451896003116D7 /* SignUp */,
				53F5D8302B4F6B9C00809760 /* Workspace */,
				53D7B21B2B440590003116D7 /* Extension */,
				5302FA162B4C25E0001B3F47 /* Utility */,
				5302F9E92B4985BC001B3F47 /* CustomView */,
				53D7B2052B43F639003116D7 /* Assets.xcassets */,
				53D7B2072B43F639003116D7 /* LaunchScreen.storyboard */,
				53D7B20A2B43F639003116D7 /* Info.plist */,
				53D7B22D2B457B20003116D7 /* Localizable.xcstrings */,
			);
			path = CollabOn;
			sourceTree = "<group>";
		};
		53D7B2122B43F8C7003116D7 /* Onboarding */ = {
			isa = PBXGroup;
			children = (
				53D7B2102B43F8BE003116D7 /* OnboardingViewController.swift */,
				53D7B21E2B44D5E2003116D7 /* AuthSheetViewController.swift */,
			);
			path = Onboarding;
			sourceTree = "<group>";
		};
		53D7B2162B43FBF8003116D7 /* Base */ = {
			isa = PBXGroup;
			children = (
				53D7B2172B43FC01003116D7 /* BaseViewController.swift */,
				53D7B2312B466A6D003116D7 /* ViewModelType.swift */,
			);
			path = Base;
			sourceTree = "<group>";
		};
		53D7B21B2B440590003116D7 /* Extension */ = {
			isa = PBXGroup;
			children = (
				53D7B2192B44032B003116D7 /* Extension + UIFont.swift */,
				53F5D8332B4FB24D00809760 /* Extension + String.swift */,
			);
			path = Extension;
			sourceTree = "<group>";
		};
		53D7B2272B451896003116D7 /* SignUp */ = {
			isa = PBXGroup;
			children = (
				53D7B2282B4518EB003116D7 /* SignUpViewController.swift */,
				53D7B22F2B466A41003116D7 /* SignUpViewModel.swift */,
			);
			path = SignUp;
			sourceTree = "<group>";
		};
		53F5D8302B4F6B9C00809760 /* Workspace */ = {
			isa = PBXGroup;
			children = (
				53F5D8312B4F6BD200809760 /* WorkspaceInitialViewController.swift */,
			);
			path = Workspace;
			sourceTree = "<group>";
		};
		53F5D84C2B50AF3100809760 /* Login */ = {
			isa = PBXGroup;
			children = (
				53F5D84D2B50AF4400809760 /* LoginViewController.swift */,
			);
			path = Login;
			sourceTree = "<group>";
		};
/* End PBXGroup section */

/* Begin PBXNativeTarget section */
		53D7B1F82B43F638003116D7 /* CollabOn */ = {
			isa = PBXNativeTarget;
			buildConfigurationList = 53D7B20D2B43F639003116D7 /* Build configuration list for PBXNativeTarget "CollabOn" */;
			buildPhases = (
				53D7B1F52B43F638003116D7 /* Sources */,
				53D7B1F62B43F638003116D7 /* Frameworks */,
				53D7B1F72B43F638003116D7 /* Resources */,
			);
			buildRules = (
			);
			dependencies = (
			);
			name = CollabOn;
			packageProductDependencies = (
				53D7B2142B43F9B7003116D7 /* SnapKit */,
				53D7B2212B44D7DC003116D7 /* RxCocoa */,
				53D7B2232B44D7DC003116D7 /* RxSwift */,
				5302F9FA2B4AA464001B3F47 /* Alamofire */,
			);
			productName = CollabOn;
			productReference = 53D7B1F92B43F638003116D7 /* CollabOn.app */;
			productType = "com.apple.product-type.application";
		};
/* End PBXNativeTarget section */

/* Begin PBXProject section */
		53D7B1F12B43F638003116D7 /* Project object */ = {
			isa = PBXProject;
			attributes = {
				BuildIndependentTargetsInParallel = 1;
				LastSwiftUpdateCheck = 1510;
				LastUpgradeCheck = 1510;
				TargetAttributes = {
					53D7B1F82B43F638003116D7 = {
						CreatedOnToolsVersion = 15.1;
					};
				};
			};
			buildConfigurationList = 53D7B1F42B43F638003116D7 /* Build configuration list for PBXProject "CollabOn" */;
			compatibilityVersion = "Xcode 14.0";
			developmentRegion = ko;
			hasScannedForEncodings = 0;
			knownRegions = (
				en,
				Base,
				ko,
			);
			mainGroup = 53D7B1F02B43F638003116D7;
			packageReferences = (
				53D7B2132B43F9B7003116D7 /* XCRemoteSwiftPackageReference "SnapKit" */,
				53D7B2202B44D7DC003116D7 /* XCRemoteSwiftPackageReference "RxSwift" */,
				5302F9F92B4AA464001B3F47 /* XCRemoteSwiftPackageReference "Alamofire" */,
			);
			productRefGroup = 53D7B1FA2B43F638003116D7 /* Products */;
			projectDirPath = "";
			projectRoot = "";
			targets = (
				53D7B1F82B43F638003116D7 /* CollabOn */,
			);
		};
/* End PBXProject section */

/* Begin PBXResourcesBuildPhase section */
		53D7B1F72B43F638003116D7 /* Resources */ = {
			isa = PBXResourcesBuildPhase;
			buildActionMask = 2147483647;
			files = (
				53D7B2092B43F639003116D7 /* LaunchScreen.storyboard in Resources */,
				53D7B2062B43F639003116D7 /* Assets.xcassets in Resources */,
				53D7B22E2B457B20003116D7 /* Localizable.xcstrings in Resources */,
			);
			runOnlyForDeploymentPostprocessing = 0;
		};
/* End PBXResourcesBuildPhase section */

/* Begin PBXSourcesBuildPhase section */
		53D7B1F52B43F638003116D7 /* Sources */ = {
			isa = PBXSourcesBuildPhase;
			buildActionMask = 2147483647;
			files = (
				53D7B2322B466A6D003116D7 /* ViewModelType.swift in Sources */,
				53D7B21F2B44D5E2003116D7 /* AuthSheetViewController.swift in Sources */,
				53F5D8342B4FB24D00809760 /* Extension + String.swift in Sources */,
				5302FA122B4BCE07001B3F47 /* AuthModel.swift in Sources */,
				5302F9FD2B4AAF04001B3F47 /* HeaderType.swift in Sources */,
				53D7B1FD2B43F638003116D7 /* AppDelegate.swift in Sources */,
				53D7B2302B466A41003116D7 /* SignUpViewModel.swift in Sources */,
				5302FA1A2B4C260F001B3F47 /* UserDafaultsManager.swift in Sources */,
				5302FA062B4AE4A5001B3F47 /* Service.swift in Sources */,
				5302FA0C2B4B75FA001B3F47 /* AuthService.swift in Sources */,
				53D7B2292B4518EB003116D7 /* SignUpViewController.swift in Sources */,
				5302FA042B4AD9F5001B3F47 /* AuthRouter.swift in Sources */,
				5302F9F62B4A9F45001B3F47 /* SLP.swift in Sources */,
				53D7B22B2B451C17003116D7 /* InputTextField.swift in Sources */,
				53D7B2182B43FC01003116D7 /* BaseViewController.swift in Sources */,
				5302FA0A2B4AED54001B3F47 /* NetworkConstants.swift in Sources */,
				53F5D8322B4F6BD200809760 /* WorkspaceInitialViewController.swift in Sources */,
				53D7B2112B43F8BE003116D7 /* OnboardingViewController.swift in Sources */,
				53D7B21A2B44032B003116D7 /* Extension + UIFont.swift in Sources */,
				5302F9F82B4AA439001B3F47 /* Router.swift in Sources */,
				5302FA152B4BF32D001B3F47 /* ErrorResponse.swift in Sources */,
				53D7B21D2B44CF90003116D7 /* PrimaryButton.swift in Sources */,
				5302F9EB2B4985F7001B3F47 /* SocialLoginButton.swift in Sources */,
				53D7B1FF2B43F638003116D7 /* SceneDelegate.swift in Sources */,
				53F5D84E2B50AF4400809760 /* LoginViewController.swift in Sources */,
				5302FA1C2B4C2985001B3F47 /* AppUserData.swift in Sources */,
			);
			runOnlyForDeploymentPostprocessing = 0;
		};
/* End PBXSourcesBuildPhase section */

/* Begin PBXVariantGroup section */
		53D7B2072B43F639003116D7 /* LaunchScreen.storyboard */ = {
			isa = PBXVariantGroup;
			children = (
				53D7B2082B43F639003116D7 /* Base */,
			);
			name = LaunchScreen.storyboard;
			sourceTree = "<group>";
		};
/* End PBXVariantGroup section */

/* Begin XCBuildConfiguration section */
		53D7B20B2B43F639003116D7 /* Debug */ = {
			isa = XCBuildConfiguration;
			buildSettings = {
				ALWAYS_SEARCH_USER_PATHS = NO;
				ASSETCATALOG_COMPILER_GENERATE_SWIFT_ASSET_SYMBOL_EXTENSIONS = YES;
				CLANG_ANALYZER_NONNULL = YES;
				CLANG_ANALYZER_NUMBER_OBJECT_CONVERSION = YES_AGGRESSIVE;
				CLANG_CXX_LANGUAGE_STANDARD = "gnu++20";
				CLANG_ENABLE_MODULES = YES;
				CLANG_ENABLE_OBJC_ARC = YES;
				CLANG_ENABLE_OBJC_WEAK = YES;
				CLANG_WARN_BLOCK_CAPTURE_AUTORELEASING = YES;
				CLANG_WARN_BOOL_CONVERSION = YES;
				CLANG_WARN_COMMA = YES;
				CLANG_WARN_CONSTANT_CONVERSION = YES;
				CLANG_WARN_DEPRECATED_OBJC_IMPLEMENTATIONS = YES;
				CLANG_WARN_DIRECT_OBJC_ISA_USAGE = YES_ERROR;
				CLANG_WARN_DOCUMENTATION_COMMENTS = YES;
				CLANG_WARN_EMPTY_BODY = YES;
				CLANG_WARN_ENUM_CONVERSION = YES;
				CLANG_WARN_INFINITE_RECURSION = YES;
				CLANG_WARN_INT_CONVERSION = YES;
				CLANG_WARN_NON_LITERAL_NULL_CONVERSION = YES;
				CLANG_WARN_OBJC_IMPLICIT_RETAIN_SELF = YES;
				CLANG_WARN_OBJC_LITERAL_CONVERSION = YES;
				CLANG_WARN_OBJC_ROOT_CLASS = YES_ERROR;
				CLANG_WARN_QUOTED_INCLUDE_IN_FRAMEWORK_HEADER = YES;
				CLANG_WARN_RANGE_LOOP_ANALYSIS = YES;
				CLANG_WARN_STRICT_PROTOTYPES = YES;
				CLANG_WARN_SUSPICIOUS_MOVE = YES;
				CLANG_WARN_UNGUARDED_AVAILABILITY = YES_AGGRESSIVE;
				CLANG_WARN_UNREACHABLE_CODE = YES;
				CLANG_WARN__DUPLICATE_METHOD_MATCH = YES;
				COPY_PHASE_STRIP = NO;
				DEBUG_INFORMATION_FORMAT = dwarf;
				ENABLE_STRICT_OBJC_MSGSEND = YES;
				ENABLE_TESTABILITY = YES;
				ENABLE_USER_SCRIPT_SANDBOXING = YES;
				GCC_C_LANGUAGE_STANDARD = gnu17;
				GCC_DYNAMIC_NO_PIC = NO;
				GCC_NO_COMMON_BLOCKS = YES;
				GCC_OPTIMIZATION_LEVEL = 0;
				GCC_PREPROCESSOR_DEFINITIONS = (
					"DEBUG=1",
					"$(inherited)",
				);
				GCC_WARN_64_TO_32_BIT_CONVERSION = YES;
				GCC_WARN_ABOUT_RETURN_TYPE = YES_ERROR;
				GCC_WARN_UNDECLARED_SELECTOR = YES;
				GCC_WARN_UNINITIALIZED_AUTOS = YES_AGGRESSIVE;
				GCC_WARN_UNUSED_FUNCTION = YES;
				GCC_WARN_UNUSED_VARIABLE = YES;
				IPHONEOS_DEPLOYMENT_TARGET = 16.0;
				LOCALIZATION_PREFERS_STRING_CATALOGS = YES;
				MTL_ENABLE_DEBUG_INFO = INCLUDE_SOURCE;
				MTL_FAST_MATH = YES;
				ONLY_ACTIVE_ARCH = YES;
				SDKROOT = iphoneos;
				SWIFT_ACTIVE_COMPILATION_CONDITIONS = "DEBUG $(inherited)";
				SWIFT_OPTIMIZATION_LEVEL = "-Onone";
			};
			name = Debug;
		};
		53D7B20C2B43F639003116D7 /* Release */ = {
			isa = XCBuildConfiguration;
			buildSettings = {
				ALWAYS_SEARCH_USER_PATHS = NO;
				ASSETCATALOG_COMPILER_GENERATE_SWIFT_ASSET_SYMBOL_EXTENSIONS = YES;
				CLANG_ANALYZER_NONNULL = YES;
				CLANG_ANALYZER_NUMBER_OBJECT_CONVERSION = YES_AGGRESSIVE;
				CLANG_CXX_LANGUAGE_STANDARD = "gnu++20";
				CLANG_ENABLE_MODULES = YES;
				CLANG_ENABLE_OBJC_ARC = YES;
				CLANG_ENABLE_OBJC_WEAK = YES;
				CLANG_WARN_BLOCK_CAPTURE_AUTORELEASING = YES;
				CLANG_WARN_BOOL_CONVERSION = YES;
				CLANG_WARN_COMMA = YES;
				CLANG_WARN_CONSTANT_CONVERSION = YES;
				CLANG_WARN_DEPRECATED_OBJC_IMPLEMENTATIONS = YES;
				CLANG_WARN_DIRECT_OBJC_ISA_USAGE = YES_ERROR;
				CLANG_WARN_DOCUMENTATION_COMMENTS = YES;
				CLANG_WARN_EMPTY_BODY = YES;
				CLANG_WARN_ENUM_CONVERSION = YES;
				CLANG_WARN_INFINITE_RECURSION = YES;
				CLANG_WARN_INT_CONVERSION = YES;
				CLANG_WARN_NON_LITERAL_NULL_CONVERSION = YES;
				CLANG_WARN_OBJC_IMPLICIT_RETAIN_SELF = YES;
				CLANG_WARN_OBJC_LITERAL_CONVERSION = YES;
				CLANG_WARN_OBJC_ROOT_CLASS = YES_ERROR;
				CLANG_WARN_QUOTED_INCLUDE_IN_FRAMEWORK_HEADER = YES;
				CLANG_WARN_RANGE_LOOP_ANALYSIS = YES;
				CLANG_WARN_STRICT_PROTOTYPES = YES;
				CLANG_WARN_SUSPICIOUS_MOVE = YES;
				CLANG_WARN_UNGUARDED_AVAILABILITY = YES_AGGRESSIVE;
				CLANG_WARN_UNREACHABLE_CODE = YES;
				CLANG_WARN__DUPLICATE_METHOD_MATCH = YES;
				COPY_PHASE_STRIP = NO;
				DEBUG_INFORMATION_FORMAT = "dwarf-with-dsym";
				ENABLE_NS_ASSERTIONS = NO;
				ENABLE_STRICT_OBJC_MSGSEND = YES;
				ENABLE_USER_SCRIPT_SANDBOXING = YES;
				GCC_C_LANGUAGE_STANDARD = gnu17;
				GCC_NO_COMMON_BLOCKS = YES;
				GCC_WARN_64_TO_32_BIT_CONVERSION = YES;
				GCC_WARN_ABOUT_RETURN_TYPE = YES_ERROR;
				GCC_WARN_UNDECLARED_SELECTOR = YES;
				GCC_WARN_UNINITIALIZED_AUTOS = YES_AGGRESSIVE;
				GCC_WARN_UNUSED_FUNCTION = YES;
				GCC_WARN_UNUSED_VARIABLE = YES;
				IPHONEOS_DEPLOYMENT_TARGET = 16.0;
				LOCALIZATION_PREFERS_STRING_CATALOGS = YES;
				MTL_ENABLE_DEBUG_INFO = NO;
				MTL_FAST_MATH = YES;
				SDKROOT = iphoneos;
				SWIFT_COMPILATION_MODE = wholemodule;
				VALIDATE_PRODUCT = YES;
			};
			name = Release;
		};
		53D7B20E2B43F639003116D7 /* Debug */ = {
			isa = XCBuildConfiguration;
			buildSettings = {
				ASSETCATALOG_COMPILER_APPICON_NAME = AppIcon;
				ASSETCATALOG_COMPILER_GLOBAL_ACCENT_COLOR_NAME = AccentColor;
				CODE_SIGN_ENTITLEMENTS = CollabOn/CollabOn.entitlements;
				CODE_SIGN_STYLE = Automatic;
				CURRENT_PROJECT_VERSION = 1;
				DEVELOPMENT_TEAM = KLYH4UN5ZC;
				GENERATE_INFOPLIST_FILE = YES;
				INFOPLIST_FILE = CollabOn/Info.plist;
				INFOPLIST_KEY_UIApplicationSupportsIndirectInputEvents = YES;
				INFOPLIST_KEY_UILaunchStoryboardName = LaunchScreen;
				INFOPLIST_KEY_UISupportedInterfaceOrientations = UIInterfaceOrientationPortrait;
				INFOPLIST_KEY_UISupportedInterfaceOrientations_iPad = "UIInterfaceOrientationLandscapeLeft UIInterfaceOrientationLandscapeRight UIInterfaceOrientationPortrait UIInterfaceOrientationPortraitUpsideDown";
				LD_RUNPATH_SEARCH_PATHS = (
					"$(inherited)",
					"@executable_path/Frameworks",
				);
				MARKETING_VERSION = 1.0;
				PRODUCT_BUNDLE_IDENTIFIER = com.dahye.CollabOn;
				PRODUCT_NAME = "$(TARGET_NAME)";
				SUPPORTED_PLATFORMS = "iphoneos iphonesimulator";
				SUPPORTS_MACCATALYST = NO;
				SUPPORTS_MAC_DESIGNED_FOR_IPHONE_IPAD = NO;
				SWIFT_EMIT_LOC_STRINGS = YES;
				SWIFT_VERSION = 5.0;
				TARGETED_DEVICE_FAMILY = 1;
			};
			name = Debug;
		};
		53D7B20F2B43F639003116D7 /* Release */ = {
			isa = XCBuildConfiguration;
			buildSettings = {
				ASSETCATALOG_COMPILER_APPICON_NAME = AppIcon;
				ASSETCATALOG_COMPILER_GLOBAL_ACCENT_COLOR_NAME = AccentColor;
				CODE_SIGN_ENTITLEMENTS = CollabOn/CollabOn.entitlements;
				CODE_SIGN_STYLE = Automatic;
				CURRENT_PROJECT_VERSION = 1;
				DEVELOPMENT_TEAM = KLYH4UN5ZC;
				GENERATE_INFOPLIST_FILE = YES;
				INFOPLIST_FILE = CollabOn/Info.plist;
				INFOPLIST_KEY_UIApplicationSupportsIndirectInputEvents = YES;
				INFOPLIST_KEY_UILaunchStoryboardName = LaunchScreen;
				INFOPLIST_KEY_UISupportedInterfaceOrientations = UIInterfaceOrientationPortrait;
				INFOPLIST_KEY_UISupportedInterfaceOrientations_iPad = "UIInterfaceOrientationLandscapeLeft UIInterfaceOrientationLandscapeRight UIInterfaceOrientationPortrait UIInterfaceOrientationPortraitUpsideDown";
				LD_RUNPATH_SEARCH_PATHS = (
					"$(inherited)",
					"@executable_path/Frameworks",
				);
				MARKETING_VERSION = 1.0;
				PRODUCT_BUNDLE_IDENTIFIER = com.dahye.CollabOn;
				PRODUCT_NAME = "$(TARGET_NAME)";
				SUPPORTED_PLATFORMS = "iphoneos iphonesimulator";
				SUPPORTS_MACCATALYST = NO;
				SUPPORTS_MAC_DESIGNED_FOR_IPHONE_IPAD = NO;
				SWIFT_EMIT_LOC_STRINGS = YES;
				SWIFT_VERSION = 5.0;
				TARGETED_DEVICE_FAMILY = 1;
			};
			name = Release;
		};
/* End XCBuildConfiguration section */

/* Begin XCConfigurationList section */
		53D7B1F42B43F638003116D7 /* Build configuration list for PBXProject "CollabOn" */ = {
			isa = XCConfigurationList;
			buildConfigurations = (
				53D7B20B2B43F639003116D7 /* Debug */,
				53D7B20C2B43F639003116D7 /* Release */,
			);
			defaultConfigurationIsVisible = 0;
			defaultConfigurationName = Release;
		};
		53D7B20D2B43F639003116D7 /* Build configuration list for PBXNativeTarget "CollabOn" */ = {
			isa = XCConfigurationList;
			buildConfigurations = (
				53D7B20E2B43F639003116D7 /* Debug */,
				53D7B20F2B43F639003116D7 /* Release */,
			);
			defaultConfigurationIsVisible = 0;
			defaultConfigurationName = Release;
		};
/* End XCConfigurationList section */

/* Begin XCRemoteSwiftPackageReference section */
		5302F9F92B4AA464001B3F47 /* XCRemoteSwiftPackageReference "Alamofire" */ = {
			isa = XCRemoteSwiftPackageReference;
			repositoryURL = "https://github.com/Alamofire/Alamofire";
			requirement = {
				kind = upToNextMajorVersion;
				minimumVersion = 5.8.1;
			};
		};
		53D7B2132B43F9B7003116D7 /* XCRemoteSwiftPackageReference "SnapKit" */ = {
			isa = XCRemoteSwiftPackageReference;
			repositoryURL = "https://github.com/SnapKit/SnapKit.git";
			requirement = {
				kind = upToNextMinorVersion;
				minimumVersion = 5.7.0;
			};
		};
		53D7B2202B44D7DC003116D7 /* XCRemoteSwiftPackageReference "RxSwift" */ = {
			isa = XCRemoteSwiftPackageReference;
			repositoryURL = "https://github.com/ReactiveX/RxSwift.git";
			requirement = {
				kind = upToNextMajorVersion;
				minimumVersion = 6.6.0;
			};
		};
/* End XCRemoteSwiftPackageReference section */

/* Begin XCSwiftPackageProductDependency section */
		5302F9FA2B4AA464001B3F47 /* Alamofire */ = {
			isa = XCSwiftPackageProductDependency;
			package = 5302F9F92B4AA464001B3F47 /* XCRemoteSwiftPackageReference "Alamofire" */;
			productName = Alamofire;
		};
		53D7B2142B43F9B7003116D7 /* SnapKit */ = {
			isa = XCSwiftPackageProductDependency;
			package = 53D7B2132B43F9B7003116D7 /* XCRemoteSwiftPackageReference "SnapKit" */;
			productName = SnapKit;
		};
		53D7B2212B44D7DC003116D7 /* RxCocoa */ = {
			isa = XCSwiftPackageProductDependency;
			package = 53D7B2202B44D7DC003116D7 /* XCRemoteSwiftPackageReference "RxSwift" */;
			productName = RxCocoa;
		};
		53D7B2232B44D7DC003116D7 /* RxSwift */ = {
			isa = XCSwiftPackageProductDependency;
			package = 53D7B2202B44D7DC003116D7 /* XCRemoteSwiftPackageReference "RxSwift" */;
			productName = RxSwift;
		};
/* End XCSwiftPackageProductDependency section */
	};
	rootObject = 53D7B1F12B43F638003116D7 /* Project object */;
}
